
Microsoft Visual Studio Solution File, Format Version 12.00
# Visual Studio Version 16
VisualStudioVersion = 16.0.31829.152
MinimumVisualStudioVersion = 10.0.40219.1
Project("{FAE04EC0-301F-11D3-BF4B-00C04F79EFBC}") = "NavegadorWeb", "NavegadorWeb\NavegadorWeb.csproj", "{293AF5CE-5293-4AF7-A246-8AB7C37F78E4}"
EndProject
Global
	GlobalSection(SolutionConfigurationPlatforms) = preSolution
		Debug|Any CPU = Debug|Any CPU
		Release|Any CPU = Release|Any CPU
	EndGlobalSection
	GlobalSection(ProjectConfigurationPlatforms) = postSolution
		{293AF5CE-5293-4AF7-A246-8AB7C37F78E4}.Debug|Any CPU.ActiveCfg = Debug|Any CPU
		{293AF5CE-5293-4AF7-A246-8AB7C37F78E4}.Debug|Any CPU.Build.0 = Debug|Any CPU
		{293AF5CE-5293-4AF7-A246-8AB7C37F78E4}.Release|Any CPU.ActiveCfg = Release|Any CPU
		{293AF5CE-5293-4AF7-A246-8AB7C37F78E4}.Release|Any CPU.Build.0 = Release|Any CPU
	EndGlobalSection
	GlobalSection(SolutionProperties) = preSolution
		HideSolutionNode = FALSE
	EndGlobalSection
	GlobalSection(ExtensibilityGlobals) = postSolution
		SolutionGuid = {D78FC052-AD69-4EB0-918E-4444E08320D5}
	EndGlobalSection
EndGlobal
